
Microsoft Visual Studio Solution File, Format Version 12.00
# Visual Studio Version 16
VisualStudioVersion = 16.0.31702.278
MinimumVisualStudioVersion = 10.0.40219.1
Project("{9A19103F-16F7-4668-BE54-9A1E7A4F7556}") = "VersionMonitorNetCore", "VersionMonitorNetCore\VersionMonitorNetCore.csproj", "{1BEFE893-B225-4625-974A-631D49E9F98B}"
EndProject
Project("{9A19103F-16F7-4668-BE54-9A1E7A4F7556}") = "VersionMonitorNetCore.Test", "VersionMonitorNetCore.Test\VersionMonitorNetCore.Test.csproj", "{E04D3D45-9458-4D58-BD10-C57E6FBAD658}"
EndProject
Project("{2150E333-8FDC-42A3-9474-1A3956D46DE8}") = "Solution Items", "Solution Items", "{10961D5F-2572-4D51-A126-CC0A4B39208C}"
	ProjectSection(SolutionItems) = preProject
		CleanCode\ACIMRules.ruleset = CleanCode\ACIMRules.ruleset
		CleanCode\stylecop.json = CleanCode\stylecop.json
	EndProjectSection
EndProject
Global
	GlobalSection(SolutionConfigurationPlatforms) = preSolution
		Debug|Any CPU = Debug|Any CPU
		Release|Any CPU = Release|Any CPU
	EndGlobalSection
	GlobalSection(ProjectConfigurationPlatforms) = postSolution
		{1BEFE893-B225-4625-974A-631D49E9F98B}.Debug|Any CPU.ActiveCfg = Debug|Any CPU
		{1BEFE893-B225-4625-974A-631D49E9F98B}.Debug|Any CPU.Build.0 = Debug|Any CPU
		{1BEFE893-B225-4625-974A-631D49E9F98B}.Release|Any CPU.ActiveCfg = Release|Any CPU
		{1BEFE893-B225-4625-974A-631D49E9F98B}.Release|Any CPU.Build.0 = Release|Any CPU
		{E04D3D45-9458-4D58-BD10-C57E6FBAD658}.Debug|Any CPU.ActiveCfg = Debug|Any CPU
		{E04D3D45-9458-4D58-BD10-C57E6FBAD658}.Debug|Any CPU.Build.0 = Debug|Any CPU
		{E04D3D45-9458-4D58-BD10-C57E6FBAD658}.Release|Any CPU.ActiveCfg = Release|Any CPU
		{E04D3D45-9458-4D58-BD10-C57E6FBAD658}.Release|Any CPU.Build.0 = Release|Any CPU
	EndGlobalSection
	GlobalSection(SolutionProperties) = preSolution
		HideSolutionNode = FALSE
	EndGlobalSection
	GlobalSection(ExtensibilityGlobals) = postSolution
		SolutionGuid = {D141EDA1-616F-46AC-B7D0-2E8BDD68771D}
	EndGlobalSection
EndGlobal
